// !$*UTF8*$!
{
	archiveVersion = 1;
	classes = {
	};
	objectVersion = 56;
	objects = {

/* Begin PBXBuildFile section */
		2537D5CD9BDCC8E725557CEF /* HistoryGrouping.swift in Sources */ = {isa = PBXBuildFile; fileRef = A1B6F8F7F3E364B160D91BFC /* HistoryGrouping.swift */; };
		4CA6D63D54CD9D41ADB88E4A /* BrewErrorClassificationTests.swift in Sources */ = {isa = PBXBuildFile; fileRef = 7E82337D72B586027C4FCC6C /* BrewErrorClassificationTests.swift */; };
		51FDFB24EAFDEFE9D1FDAA1A /* BrewError+Classification.swift in Sources */ = {isa = PBXBuildFile; fileRef = A8A2E360C5F57BAF9697D3B4 /* BrewError+Classification.swift */; };
		736074C5941826D1C8AAE572 /* MenuBarViewModelSkipListTests.swift in Sources */ = {isa = PBXBuildFile; fileRef = A7C5AE0699146D3EB24865A6 /* MenuBarViewModelSkipListTests.swift */; };
		7561604DB435D5D45D3B71FE /* HistoryGroupingTests.swift in Sources */ = {isa = PBXBuildFile; fileRef = 81102A6143014EBF0C9A9508 /* HistoryGroupingTests.swift */; };
		7C2D0948902A531A21ADF198 /* AskpassScriptTests.swift in Sources */ = {isa = PBXBuildFile; fileRef = 50ED517EFA5118084DB190DB /* AskpassScriptTests.swift */; };
		82CB87E23243B30181118979 /* SkippedPackagesView.swift in Sources */ = {isa = PBXBuildFile; fileRef = 4E2D3B324E165ECD0159C419 /* SkippedPackagesView.swift */; };
		A1B2C3D4E5F60001 /* TopOffApp.swift in Sources */ = {isa = PBXBuildFile; fileRef = A1B2C3D4E5F60011 /* TopOffApp.swift */; };
		A1B2C3D4E5F60002 /* Assets.xcassets in Resources */ = {isa = PBXBuildFile; fileRef = A1B2C3D4E5F60012 /* Assets.xcassets */; };
		A1B2C3D4E5F60003 /* BrewService.swift in Sources */ = {isa = PBXBuildFile; fileRef = A1B2C3D4E5F60015 /* BrewService.swift */; };
		A1B2C3D4E5F60004 /* NotificationManager.swift in Sources */ = {isa = PBXBuildFile; fileRef = A1B2C3D4E5F60016 /* NotificationManager.swift */; };
		A1B2C3D4E5F60005 /* MenuBarViewModel.swift in Sources */ = {isa = PBXBuildFile; fileRef = A1B2C3D4E5F60017 /* MenuBarViewModel.swift */; };
		A1B2C3D4E5F60006 /* AboutView.swift in Sources */ = {isa = PBXBuildFile; fileRef = A1B2C3D4E5F60018 /* AboutView.swift */; };
		A1B2C3D4E5F60007 /* UpdateChecker.swift in Sources */ = {isa = PBXBuildFile; fileRef = A1B2C3D4E5F60019 /* UpdateChecker.swift */; };
		A1B2C3D4E5F60008 /* NetworkMonitor.swift in Sources */ = {isa = PBXBuildFile; fileRef = A1B2C3D4E5F6001A /* NetworkMonitor.swift */; };
		A1B2C3D4E5F60009 /* HistoryView.swift in Sources */ = {isa = PBXBuildFile; fileRef = A1B2C3D4E5F6001B /* HistoryView.swift */; };
		A1B2C3D4E5F60101 /* BrewServiceTests.swift in Sources */ = {isa = PBXBuildFile; fileRef = A1B2C3D4E5F60111 /* BrewServiceTests.swift */; };
		AB5B4CA3CB11A98305FDF00A /* DisplayVersionTests.swift in Sources */ = {isa = PBXBuildFile; fileRef = B4CF3A0B84B985C4B3BE3D90 /* DisplayVersionTests.swift */; };
		C5ABE3636DCEED4330162E0C /* DisplayVersion.swift in Sources */ = {isa = PBXBuildFile; fileRef = 602F71524F09E1230078D225 /* DisplayVersion.swift */; };
		E7ADB7B4A926EB060F6E9A47 /* AdminPasswordPromptWindow.swift in Sources */ = {isa = PBXBuildFile; fileRef = 18FD970D70069AC5CA2EA99B /* AdminPasswordPromptWindow.swift */; };
/* End PBXBuildFile section */

/* Begin PBXContainerItemProxy section */
		A1B2C3D4E5F60120 /* PBXContainerItemProxy */ = {
			isa = PBXContainerItemProxy;
			containerPortal = A1B2C3D4E5F60050 /* Project object */;
			proxyType = 1;
			remoteGlobalIDString = A1B2C3D4E5F60040;
			remoteInfo = TopOff;
		};
/* End PBXContainerItemProxy section */

/* Begin PBXFileReference section */
		18FD970D70069AC5CA2EA99B /* AdminPasswordPromptWindow.swift */ = {isa = PBXFileReference; includeInIndex = 1; lastKnownFileType = sourcecode.swift; path = AdminPasswordPromptWindow.swift; sourceTree = "<group>"; };
		4E2D3B324E165ECD0159C419 /* SkippedPackagesView.swift */ = {isa = PBXFileReference; includeInIndex = 1; lastKnownFileType = sourcecode.swift; path = SkippedPackagesView.swift; sourceTree = "<group>"; };
		50ED517EFA5118084DB190DB /* AskpassScriptTests.swift */ = {isa = PBXFileReference; includeInIndex = 1; lastKnownFileType = sourcecode.swift; path = AskpassScriptTests.swift; sourceTree = "<group>"; };
		602F71524F09E1230078D225 /* DisplayVersion.swift */ = {isa = PBXFileReference; includeInIndex = 1; lastKnownFileType = sourcecode.swift; path = DisplayVersion.swift; sourceTree = "<group>"; };
		7E82337D72B586027C4FCC6C /* BrewErrorClassificationTests.swift */ = {isa = PBXFileReference; includeInIndex = 1; lastKnownFileType = sourcecode.swift; path = BrewErrorClassificationTests.swift; sourceTree = "<group>"; };
		81102A6143014EBF0C9A9508 /* HistoryGroupingTests.swift */ = {isa = PBXFileReference; includeInIndex = 1; lastKnownFileType = sourcecode.swift; path = HistoryGroupingTests.swift; sourceTree = "<group>"; };
		A1B2C3D4E5F60010 /* TopOff.app */ = {isa = PBXFileReference; explicitFileType = wrapper.application; includeInIndex = 0; path = TopOff.app; sourceTree = BUILT_PRODUCTS_DIR; };
		A1B2C3D4E5F60011 /* TopOffApp.swift */ = {isa = PBXFileReference; lastKnownFileType = sourcecode.swift; path = TopOffApp.swift; sourceTree = "<group>"; };
		A1B2C3D4E5F60012 /* Assets.xcassets */ = {isa = PBXFileReference; lastKnownFileType = folder.assetcatalog; path = Assets.xcassets; sourceTree = "<group>"; };
		A1B2C3D4E5F60013 /* TopOff.entitlements */ = {isa = PBXFileReference; lastKnownFileType = text.plist.entitlements; path = TopOff.entitlements; sourceTree = "<group>"; };
		A1B2C3D4E5F60014 /* Info.plist */ = {isa = PBXFileReference; lastKnownFileType = text.plist.xml; path = Info.plist; sourceTree = "<group>"; };
		A1B2C3D4E5F60015 /* BrewService.swift */ = {isa = PBXFileReference; lastKnownFileType = sourcecode.swift; path = BrewService.swift; sourceTree = "<group>"; };
		A1B2C3D4E5F60016 /* NotificationManager.swift */ = {isa = PBXFileReference; lastKnownFileType = sourcecode.swift; path = NotificationManager.swift; sourceTree = "<group>"; };
		A1B2C3D4E5F60017 /* MenuBarViewModel.swift */ = {isa = PBXFileReference; lastKnownFileType = sourcecode.swift; path = MenuBarViewModel.swift; sourceTree = "<group>"; };
		A1B2C3D4E5F60018 /* AboutView.swift */ = {isa = PBXFileReference; lastKnownFileType = sourcecode.swift; path = AboutView.swift; sourceTree = "<group>"; };
		A1B2C3D4E5F60019 /* UpdateChecker.swift */ = {isa = PBXFileReference; lastKnownFileType = sourcecode.swift; path = UpdateChecker.swift; sourceTree = "<group>"; };
		A1B2C3D4E5F6001A /* NetworkMonitor.swift */ = {isa = PBXFileReference; lastKnownFileType = sourcecode.swift; path = NetworkMonitor.swift; sourceTree = "<group>"; };
		A1B2C3D4E5F6001B /* HistoryView.swift */ = {isa = PBXFileReference; lastKnownFileType = sourcecode.swift; path = HistoryView.swift; sourceTree = "<group>"; };
		A1B2C3D4E5F60110 /* TopOffTests.xctest */ = {isa = PBXFileReference; explicitFileType = wrapper.cfbundle; includeInIndex = 0; path = TopOffTests.xctest; sourceTree = BUILT_PRODUCTS_DIR; };
		A1B2C3D4E5F60111 /* BrewServiceTests.swift */ = {isa = PBXFileReference; lastKnownFileType = sourcecode.swift; path = BrewServiceTests.swift; sourceTree = "<group>"; };
		A1B6F8F7F3E364B160D91BFC /* HistoryGrouping.swift */ = {isa = PBXFileReference; includeInIndex = 1; lastKnownFileType = sourcecode.swift; path = HistoryGrouping.swift; sourceTree = "<group>"; };
		A7C5AE0699146D3EB24865A6 /* MenuBarViewModelSkipListTests.swift */ = {isa = PBXFileReference; includeInIndex = 1; lastKnownFileType = sourcecode.swift; path = MenuBarViewModelSkipListTests.swift; sourceTree = "<group>"; };
		A8A2E360C5F57BAF9697D3B4 /* BrewError+Classification.swift */ = {isa = PBXFileReference; includeInIndex = 1; lastKnownFileType = sourcecode.swift; path = "BrewError+Classification.swift"; sourceTree = "<group>"; };
		B4CF3A0B84B985C4B3BE3D90 /* DisplayVersionTests.swift */ = {isa = PBXFileReference; includeInIndex = 1; lastKnownFileType = sourcecode.swift; path = DisplayVersionTests.swift; sourceTree = "<group>"; };
/* End PBXFileReference section */

/* Begin PBXFrameworksBuildPhase section */
		A1B2C3D4E5F60020 /* Frameworks */ = {
			isa = PBXFrameworksBuildPhase;
			buildActionMask = 2147483647;
			files = (
			);
			runOnlyForDeploymentPostprocessing = 0;
		};
		A1B2C3D4E5F60121 /* Frameworks */ = {
			isa = PBXFrameworksBuildPhase;
			buildActionMask = 2147483647;
			files = (
			);
			runOnlyForDeploymentPostprocessing = 0;
		};
/* End PBXFrameworksBuildPhase section */

/* Begin PBXGroup section */
		A1B2C3D4E5F60030 = {
			isa = PBXGroup;
			children = (
				A1B2C3D4E5F60031 /* TopOff */,
				A1B2C3D4E5F60112 /* TopOffTests */,
				A1B2C3D4E5F60032 /* Products */,
			);
			sourceTree = "<group>";
		};
		A1B2C3D4E5F60031 /* TopOff */ = {
			isa = PBXGroup;
			children = (
				A1B2C3D4E5F60011 /* TopOffApp.swift */,
				A1B2C3D4E5F60017 /* MenuBarViewModel.swift */,
				A1B2C3D4E5F60015 /* BrewService.swift */,
				A1B2C3D4E5F60016 /* NotificationManager.swift */,
				A1B2C3D4E5F6001A /* NetworkMonitor.swift */,
				A1B2C3D4E5F60018 /* AboutView.swift */,
				A1B2C3D4E5F6001B /* HistoryView.swift */,
				A1B2C3D4E5F60019 /* UpdateChecker.swift */,
				A1B2C3D4E5F60012 /* Assets.xcassets */,
				A1B2C3D4E5F60013 /* TopOff.entitlements */,
				A1B2C3D4E5F60014 /* Info.plist */,
				602F71524F09E1230078D225 /* DisplayVersion.swift */,
				4E2D3B324E165ECD0159C419 /* SkippedPackagesView.swift */,
				A8A2E360C5F57BAF9697D3B4 /* BrewError+Classification.swift */,
				18FD970D70069AC5CA2EA99B /* AdminPasswordPromptWindow.swift */,
				A1B6F8F7F3E364B160D91BFC /* HistoryGrouping.swift */,
			);
			path = TopOff;
			sourceTree = "<group>";
		};
		A1B2C3D4E5F60032 /* Products */ = {
			isa = PBXGroup;
			children = (
				A1B2C3D4E5F60010 /* TopOff.app */,
				A1B2C3D4E5F60110 /* TopOffTests.xctest */,
			);
			name = Products;
			sourceTree = "<group>";
		};
		A1B2C3D4E5F60112 /* TopOffTests */ = {
			isa = PBXGroup;
			children = (
				A1B2C3D4E5F60111 /* BrewServiceTests.swift */,
				B4CF3A0B84B985C4B3BE3D90 /* DisplayVersionTests.swift */,
				A7C5AE0699146D3EB24865A6 /* MenuBarViewModelSkipListTests.swift */,
				7E82337D72B586027C4FCC6C /* BrewErrorClassificationTests.swift */,
				50ED517EFA5118084DB190DB /* AskpassScriptTests.swift */,
				81102A6143014EBF0C9A9508 /* HistoryGroupingTests.swift */,
			);
			path = TopOffTests;
			sourceTree = "<group>";
		};
/* End PBXGroup section */

/* Begin PBXNativeTarget section */
		A1B2C3D4E5F60040 /* TopOff */ = {
			isa = PBXNativeTarget;
			buildConfigurationList = A1B2C3D4E5F60060 /* Build configuration list for PBXNativeTarget "TopOff" */;
			buildPhases = (
				A1B2C3D4E5F60041 /* Sources */,
				A1B2C3D4E5F60020 /* Frameworks */,
				A1B2C3D4E5F60042 /* Resources */,
			);
			buildRules = (
			);
			dependencies = (
			);
			name = TopOff;
			productName = TopOff;
			productReference = A1B2C3D4E5F60010 /* TopOff.app */;
			productType = "com.apple.product-type.application";
		};
		A1B2C3D4E5F60100 /* TopOffTests */ = {
			isa = PBXNativeTarget;
			buildConfigurationList = A1B2C3D4E5F60160 /* Build configuration list for PBXNativeTarget "TopOffTests" */;
			buildPhases = (
				A1B2C3D4E5F60141 /* Sources */,
				A1B2C3D4E5F60121 /* Frameworks */,
				A1B2C3D4E5F60142 /* Resources */,
			);
			buildRules = (
			);
			dependencies = (
				A1B2C3D4E5F60130 /* PBXTargetDependency */,
			);
			name = TopOffTests;
			productName = TopOffTests;
			productReference = A1B2C3D4E5F60110 /* TopOffTests.xctest */;
			productType = "com.apple.product-type.bundle.unit-test";
		};
/* End PBXNativeTarget section */

/* Begin PBXProject section */
		A1B2C3D4E5F60050 /* Project object */ = {
			isa = PBXProject;
			attributes = {
				BuildIndependentTargetsInParallel = 1;
				LastSwiftUpdateCheck = 1500;
				LastUpgradeCheck = 2660;
				TargetAttributes = {
					A1B2C3D4E5F60040 = {
						CreatedOnToolsVersion = 15.0;
					};
					A1B2C3D4E5F60100 = {
						CreatedOnToolsVersion = 15.0;
						TestTargetID = A1B2C3D4E5F60040;
					};
				};
			};
			buildConfigurationList = A1B2C3D4E5F60051 /* Build configuration list for PBXProject "TopOff" */;
			compatibilityVersion = "Xcode 14.0";
			developmentRegion = en;
			hasScannedForEncodings = 0;
			knownRegions = (
				en,
				Base,
			);
			mainGroup = A1B2C3D4E5F60030;
			productRefGroup = A1B2C3D4E5F60032 /* Products */;
			projectDirPath = "";
			projectRoot = "";
			targets = (
				A1B2C3D4E5F60040 /* TopOff */,
				A1B2C3D4E5F60100 /* TopOffTests */,
			);
		};
/* End PBXProject section */

/* Begin PBXResourcesBuildPhase section */
		A1B2C3D4E5F60042 /* Resources */ = {
			isa = PBXResourcesBuildPhase;
			buildActionMask = 2147483647;
			files = (
				A1B2C3D4E5F60002 /* Assets.xcassets in Resources */,
			);
			runOnlyForDeploymentPostprocessing = 0;
		};
		A1B2C3D4E5F60142 /* Resources */ = {
			isa = PBXResourcesBuildPhase;
			buildActionMask = 2147483647;
			files = (
			);
			runOnlyForDeploymentPostprocessing = 0;
		};
/* End PBXResourcesBuildPhase section */

/* Begin PBXSourcesBuildPhase section */
		A1B2C3D4E5F60041 /* Sources */ = {
			isa = PBXSourcesBuildPhase;
			buildActionMask = 2147483647;
			files = (
				A1B2C3D4E5F60001 /* TopOffApp.swift in Sources */,
				A1B2C3D4E5F60005 /* MenuBarViewModel.swift in Sources */,
				A1B2C3D4E5F60003 /* BrewService.swift in Sources */,
				A1B2C3D4E5F60004 /* NotificationManager.swift in Sources */,
				A1B2C3D4E5F60008 /* NetworkMonitor.swift in Sources */,
				A1B2C3D4E5F60006 /* AboutView.swift in Sources */,
				A1B2C3D4E5F60009 /* HistoryView.swift in Sources */,
				A1B2C3D4E5F60007 /* UpdateChecker.swift in Sources */,
				C5ABE3636DCEED4330162E0C /* DisplayVersion.swift in Sources */,
				82CB87E23243B30181118979 /* SkippedPackagesView.swift in Sources */,
				51FDFB24EAFDEFE9D1FDAA1A /* BrewError+Classification.swift in Sources */,
				E7ADB7B4A926EB060F6E9A47 /* AdminPasswordPromptWindow.swift in Sources */,
				2537D5CD9BDCC8E725557CEF /* HistoryGrouping.swift in Sources */,
			);
			runOnlyForDeploymentPostprocessing = 0;
		};
		A1B2C3D4E5F60141 /* Sources */ = {
			isa = PBXSourcesBuildPhase;
			buildActionMask = 2147483647;
			files = (
				A1B2C3D4E5F60101 /* BrewServiceTests.swift in Sources */,
				AB5B4CA3CB11A98305FDF00A /* DisplayVersionTests.swift in Sources */,
				736074C5941826D1C8AAE572 /* MenuBarViewModelSkipListTests.swift in Sources */,
				4CA6D63D54CD9D41ADB88E4A /* BrewErrorClassificationTests.swift in Sources */,
				7C2D0948902A531A21ADF198 /* AskpassScriptTests.swift in Sources */,
				7561604DB435D5D45D3B71FE /* HistoryGroupingTests.swift in Sources */,
			);
			runOnlyForDeploymentPostprocessing = 0;
		};
/* End PBXSourcesBuildPhase section */

/* Begin PBXTargetDependency section */
		A1B2C3D4E5F60130 /* PBXTargetDependency */ = {
			isa = PBXTargetDependency;
			target = A1B2C3D4E5F60040 /* TopOff */;
			targetProxy = A1B2C3D4E5F60120 /* PBXContainerItemProxy */;
		};
/* End PBXTargetDependency section */

/* Begin XCBuildConfiguration section */
		A1B2C3D4E5F60052 /* Debug */ = {
			isa = XCBuildConfiguration;
			buildSettings = {
				ALWAYS_SEARCH_USER_PATHS = NO;
				ASSETCATALOG_COMPILER_GENERATE_SWIFT_ASSET_SYMBOL_EXTENSIONS = YES;
				CLANG_ANALYZER_NONNULL = YES;
				CLANG_ANALYZER_NUMBER_OBJECT_CONVERSION = YES_AGGRESSIVE;
				CLANG_CXX_LANGUAGE_STANDARD = "gnu++20";
				CLANG_ENABLE_MODULES = YES;
				CLANG_ENABLE_OBJC_ARC = YES;
				CLANG_ENABLE_OBJC_WEAK = YES;
				CLANG_WARN_BLOCK_CAPTURE_AUTORELEASING = YES;
				CLANG_WARN_BOOL_CONVERSION = YES;
				CLANG_WARN_COMMA = YES;
				CLANG_WARN_CONSTANT_CONVERSION = YES;
				CLANG_WARN_DEPRECATED_OBJC_IMPLEMENTATIONS = YES;
				CLANG_WARN_DIRECT_OBJC_ISA_USAGE = YES_ERROR;
				CLANG_WARN_DOCUMENTATION_COMMENTS = YES;
				CLANG_WARN_EMPTY_BODY = YES;
				CLANG_WARN_ENUM_CONVERSION = YES;
				CLANG_WARN_INFINITE_RECURSION = YES;
				CLANG_WARN_INT_CONVERSION = YES;
				CLANG_WARN_NON_LITERAL_NULL_CONVERSION = YES;
				CLANG_WARN_OBJC_IMPLICIT_RETAIN_SELF = YES;
				CLANG_WARN_OBJC_LITERAL_CONVERSION = YES;
				CLANG_WARN_OBJC_ROOT_CLASS = YES_ERROR;
				CLANG_WARN_QUOTED_INCLUDE_IN_FRAMEWORK_HEADER = YES;
				CLANG_WARN_RANGE_LOOP_ANALYSIS = YES;
				CLANG_WARN_STRICT_PROTOTYPES = YES;
				CLANG_WARN_SUSPICIOUS_MOVE = YES;
				CLANG_WARN_UNGUARDED_AVAILABILITY = YES_AGGRESSIVE;
				CLANG_WARN_UNREACHABLE_CODE = YES;
				CLANG_WARN__DUPLICATE_METHOD_MATCH = YES;
				COPY_PHASE_STRIP = NO;
				DEAD_CODE_STRIPPING = YES;
				DEBUG_INFORMATION_FORMAT = dwarf;
				ENABLE_STRICT_OBJC_MSGSEND = YES;
				ENABLE_TESTABILITY = YES;
				ENABLE_USER_SCRIPT_SANDBOXING = YES;
				GCC_C_LANGUAGE_STANDARD = gnu17;
				GCC_DYNAMIC_NO_PIC = NO;
				GCC_NO_COMMON_BLOCKS = YES;
				GCC_OPTIMIZATION_LEVEL = 0;
				GCC_PREPROCESSOR_DEFINITIONS = (
					"DEBUG=1",
					"$(inherited)",
				);
				GCC_WARN_64_TO_32_BIT_CONVERSION = YES;
				GCC_WARN_ABOUT_RETURN_TYPE = YES_ERROR;
				GCC_WARN_UNDECLARED_SELECTOR = YES;
				GCC_WARN_UNINITIALIZED_AUTOS = YES_AGGRESSIVE;
				GCC_WARN_UNUSED_FUNCTION = YES;
				GCC_WARN_UNUSED_VARIABLE = YES;
				MACOSX_DEPLOYMENT_TARGET = 14.0;
				MTL_ENABLE_DEBUG_INFO = INCLUDE_SOURCE;
				MTL_FAST_MATH = YES;
				ONLY_ACTIVE_ARCH = YES;
				SDKROOT = macosx;
				STRING_CATALOG_GENERATE_SYMBOLS = YES;
				SWIFT_ACTIVE_COMPILATION_CONDITIONS = "DEBUG $(inherited)";
				SWIFT_OPTIMIZATION_LEVEL = "-Onone";
			};
			name = Debug;
		};
		A1B2C3D4E5F60053 /* Release */ = {
			isa = XCBuildConfiguration;
			buildSettings = {
				ALWAYS_SEARCH_USER_PATHS = NO;
				ASSETCATALOG_COMPILER_GENERATE_SWIFT_ASSET_SYMBOL_EXTENSIONS = YES;
				CLANG_ANALYZER_NONNULL = YES;
				CLANG_ANALYZER_NUMBER_OBJECT_CONVERSION = YES_AGGRESSIVE;
				CLANG_CXX_LANGUAGE_STANDARD = "gnu++20";
				CLANG_ENABLE_MODULES = YES;
				CLANG_ENABLE_OBJC_ARC = YES;
				CLANG_ENABLE_OBJC_WEAK = YES;
				CLANG_WARN_BLOCK_CAPTURE_AUTORELEASING = YES;
				CLANG_WARN_BOOL_CONVERSION = YES;
				CLANG_WARN_COMMA = YES;
				CLANG_WARN_CONSTANT_CONVERSION = YES;
				CLANG_WARN_DEPRECATED_OBJC_IMPLEMENTATIONS = YES;
				CLANG_WARN_DIRECT_OBJC_ISA_USAGE = YES_ERROR;
				CLANG_WARN_DOCUMENTATION_COMMENTS = YES;
				CLANG_WARN_EMPTY_BODY = YES;
				CLANG_WARN_ENUM_CONVERSION = YES;
				CLANG_WARN_INFINITE_RECURSION = YES;
				CLANG_WARN_INT_CONVERSION = YES;
				CLANG_WARN_NON_LITERAL_NULL_CONVERSION = YES;
				CLANG_WARN_OBJC_IMPLICIT_RETAIN_SELF = YES;
				CLANG_WARN_OBJC_LITERAL_CONVERSION = YES;
				CLANG_WARN_OBJC_ROOT_CLASS = YES_ERROR;
				CLANG_WARN_QUOTED_INCLUDE_IN_FRAMEWORK_HEADER = YES;
				CLANG_WARN_RANGE_LOOP_ANALYSIS = YES;
				CLANG_WARN_STRICT_PROTOTYPES = YES;
				CLANG_WARN_SUSPICIOUS_MOVE = YES;
				CLANG_WARN_UNGUARDED_AVAILABILITY = YES_AGGRESSIVE;
				CLANG_WARN_UNREACHABLE_CODE = YES;
				CLANG_WARN__DUPLICATE_METHOD_MATCH = YES;
				COPY_PHASE_STRIP = NO;
				DEAD_CODE_STRIPPING = YES;
				DEBUG_INFORMATION_FORMAT = "dwarf-with-dsym";
				ENABLE_NS_ASSERTIONS = NO;
				ENABLE_STRICT_OBJC_MSGSEND = YES;
				ENABLE_USER_SCRIPT_SANDBOXING = YES;
				GCC_C_LANGUAGE_STANDARD = gnu17;
				GCC_NO_COMMON_BLOCKS = YES;
				GCC_WARN_64_TO_32_BIT_CONVERSION = YES;
				GCC_WARN_ABOUT_RETURN_TYPE = YES_ERROR;
				GCC_WARN_UNDECLARED_SELECTOR = YES;
				GCC_WARN_UNINITIALIZED_AUTOS = YES_AGGRESSIVE;
				GCC_WARN_UNUSED_FUNCTION = YES;
				GCC_WARN_UNUSED_VARIABLE = YES;
				MACOSX_DEPLOYMENT_TARGET = 14.0;
				MTL_ENABLE_DEBUG_INFO = NO;
				MTL_FAST_MATH = YES;
				ONLY_ACTIVE_ARCH = NO;
				SDKROOT = macosx;
				STRING_CATALOG_GENERATE_SYMBOLS = YES;
				SWIFT_COMPILATION_MODE = wholemodule;
			};
			name = Release;
		};
		A1B2C3D4E5F60061 /* Debug */ = {
			isa = XCBuildConfiguration;
			buildSettings = {
				ARCHS = "$(ARCHS_STANDARD)";
				ASSETCATALOG_COMPILER_APPICON_NAME = AppIcon;
				ASSETCATALOG_COMPILER_GLOBAL_ACCENT_COLOR_NAME = AccentColor;
				CODE_SIGN_ENTITLEMENTS = TopOff/TopOff.entitlements;
				CODE_SIGN_STYLE = Automatic;
				COMBINE_HIDPI_IMAGES = YES;
				CURRENT_PROJECT_VERSION = 8;
				DEAD_CODE_STRIPPING = YES;
				DEVELOPMENT_TEAM = "";
				ENABLE_HARDENED_RUNTIME = YES;
				GENERATE_INFOPLIST_FILE = NO;
				INFOPLIST_FILE = TopOff/Info.plist;
				INFOPLIST_KEY_CFBundleDisplayName = TopOff;
				INFOPLIST_KEY_LSApplicationCategoryType = "public.app-category.utilities";
				INFOPLIST_KEY_NSHumanReadableCopyright = "Copyright © 2026 TopOff. All rights reserved.";
				LD_RUNPATH_SEARCH_PATHS = (
					"$(inherited)",
					"@executable_path/../Frameworks",
				);
				MARKETING_VERSION = 2.0.1;
				ONLY_ACTIVE_ARCH = YES;
				PRODUCT_BUNDLE_IDENTIFIER = com.topoff.TopOff;
				PRODUCT_NAME = "$(TARGET_NAME)";
				SWIFT_EMIT_LOC_STRINGS = YES;
				SWIFT_VERSION = 5.0;
			};
			name = Debug;
		};
		A1B2C3D4E5F60062 /* Release */ = {
			isa = XCBuildConfiguration;
			buildSettings = {
				ARCHS = "$(ARCHS_STANDARD)";
				ASSETCATALOG_COMPILER_APPICON_NAME = AppIcon;
				ASSETCATALOG_COMPILER_GLOBAL_ACCENT_COLOR_NAME = AccentColor;
				CODE_SIGN_ENTITLEMENTS = TopOff/TopOff.entitlements;
				CODE_SIGN_IDENTITY = "Apple Development";
				"CODE_SIGN_IDENTITY[sdk=macosx*]" = "-";
				CODE_SIGN_STYLE = Automatic;
				COMBINE_HIDPI_IMAGES = YES;
				CURRENT_PROJECT_VERSION = 8;
				DEAD_CODE_STRIPPING = YES;
				DEVELOPMENT_TEAM = "";
				ENABLE_HARDENED_RUNTIME = YES;
				GENERATE_INFOPLIST_FILE = NO;
				INFOPLIST_FILE = TopOff/Info.plist;
				INFOPLIST_KEY_CFBundleDisplayName = TopOff;
				INFOPLIST_KEY_LSApplicationCategoryType = "public.app-category.utilities";
				INFOPLIST_KEY_NSHumanReadableCopyright = "Copyright © 2026 TopOff. All rights reserved.";
				LD_RUNPATH_SEARCH_PATHS = (
					"$(inherited)",
					"@executable_path/../Frameworks",
				);
				MARKETING_VERSION = 2.0.1;
				ONLY_ACTIVE_ARCH = YES;
				PRODUCT_BUNDLE_IDENTIFIER = com.topoff.TopOff;
				PRODUCT_NAME = "$(TARGET_NAME)";
				PROVISIONING_PROFILE_SPECIFIER = "";
				SWIFT_EMIT_LOC_STRINGS = YES;
				SWIFT_VERSION = 5.0;
			};
			name = Release;
		};
		A1B2C3D4E5F60161 /* Debug */ = {
			isa = XCBuildConfiguration;
			buildSettings = {
				BUNDLE_LOADER = "$(TEST_HOST)";
				CODE_SIGN_STYLE = Automatic;
				CURRENT_PROJECT_VERSION = 8;
				DEAD_CODE_STRIPPING = YES;
				DEVELOPMENT_TEAM = "";
				GENERATE_INFOPLIST_FILE = YES;
				MACOSX_DEPLOYMENT_TARGET = 14.0;
				MARKETING_VERSION = 2.0.1;
				PRODUCT_BUNDLE_IDENTIFIER = com.topoff.TopOffTests;
				PRODUCT_NAME = "$(TARGET_NAME)";
				SWIFT_EMIT_LOC_STRINGS = NO;
				SWIFT_VERSION = 5.0;
				TEST_HOST = "$(BUILT_PRODUCTS_DIR)/TopOff.app/Contents/MacOS/TopOff";
			};
			name = Debug;
		};
		A1B2C3D4E5F60162 /* Release */ = {
			isa = XCBuildConfiguration;
			buildSettings = {
				BUNDLE_LOADER = "$(TEST_HOST)";
				CODE_SIGN_STYLE = Automatic;
				CURRENT_PROJECT_VERSION = 8;
				DEAD_CODE_STRIPPING = YES;
				DEVELOPMENT_TEAM = "";
				GENERATE_INFOPLIST_FILE = YES;
				MACOSX_DEPLOYMENT_TARGET = 14.0;
				MARKETING_VERSION = 2.0.1;
				PRODUCT_BUNDLE_IDENTIFIER = com.topoff.TopOffTests;
				PRODUCT_NAME = "$(TARGET_NAME)";
				SWIFT_EMIT_LOC_STRINGS = NO;
				SWIFT_VERSION = 5.0;
				TEST_HOST = "$(BUILT_PRODUCTS_DIR)/TopOff.app/Contents/MacOS/TopOff";
			};
			name = Release;
		};
/* End XCBuildConfiguration section */

/* Begin XCConfigurationList section */
		A1B2C3D4E5F60051 /* Build configuration list for PBXProject "TopOff" */ = {
			isa = XCConfigurationList;
			buildConfigurations = (
				A1B2C3D4E5F60052 /* Debug */,
				A1B2C3D4E5F60053 /* Release */,
			);
			defaultConfigurationIsVisible = 0;
			defaultConfigurationName = Release;
		};
		A1B2C3D4E5F60060 /* Build configuration list for PBXNativeTarget "TopOff" */ = {
			isa = XCConfigurationList;
			buildConfigurations = (
				A1B2C3D4E5F60061 /* Debug */,
				A1B2C3D4E5F60062 /* Release */,
			);
			defaultConfigurationIsVisible = 0;
			defaultConfigurationName = Release;
		};
		A1B2C3D4E5F60160 /* Build configuration list for PBXNativeTarget "TopOffTests" */ = {
			isa = XCConfigurationList;
			buildConfigurations = (
				A1B2C3D4E5F60161 /* Debug */,
				A1B2C3D4E5F60162 /* Release */,
			);
			defaultConfigurationIsVisible = 0;
			defaultConfigurationName = Release;
		};
/* End XCConfigurationList section */
	};
	rootObject = A1B2C3D4E5F60050 /* Project object */;
}
